{
  "name": "5.4",
  "lockfileVersion": 3,
  "requires": true,
  "packages": {
    "": {
      "dependencies": {
        "types-registry": "^0.1.685"
      },
      "devDependencies": {
        "@types/get-size": "^3.0.4",
        "@types/isotope-layout": "^3.0.13",
        "@types/jquery": "^3.5.30",
        "@types/masonry-layout": "^4.2.8"
      }
    },
    "node_modules/@types/get-size": {
      "version": "3.0.4",
      "resolved": "https://registry.npmjs.org/@types/get-size/-/get-size-3.0.4.tgz",
      "integrity": "sha512-ak91SEUASy+FOBYTlzB/DoLIApmVHgq+WZ9gWUIXvwlo92S6HEUOqErHxoiPo/noi3iFR2vJ5qcJ5icWcahT5Q==",
      "dev": true
    },
    "node_modules/@types/isotope-layout": {
      "version": "3.0.13",
      "resolved": "https://registry.npmjs.org/@types/isotope-layout/-/isotope-layout-3.0.13.tgz",
      "integrity": "sha512-yIdWMCANA9xL10FIUiq1AbGAReM4S3NLnoMB0clAZbq7UCcT5e8M/q/mTAZFaNZiplI3R3G3IUz4mfjNR/374A==",
      "dev": true
    },
    "node_modules/@types/jquery": {
      "version": "3.5.30",
      "resolved": "https://registry.npmjs.org/@types/jquery/-/jquery-3.5.30.tgz",
      "integrity": "sha512-nbWKkkyb919DOUxjmRVk8vwtDb0/k8FKncmUKFi+NY+QXqWltooxTrswvz4LspQwxvLdvzBN1TImr6cw3aQx2A==",
      "dev": true,
      "dependencies": {
        "@types/sizzle": "*"
      }
    },
    "node_modules/@types/masonry-layout": {
      "version": "4.2.8",
      "resolved": "https://registry.npmjs.org/@types/masonry-layout/-/masonry-layout-4.2.8.tgz",
      "integrity": "sha512-Et2to22C31FG1UFaHRBL6BznMOhrur3Ckr9gvR7fRVmPgxqiwCEKZtV8GpFscHyNAKhZ0QlkwXJRPnJvxZUKQw==",
      "dev": true,
      "dependencies": {
        "@types/jquery": "*"
      }
    },
    "node_modules/@types/sizzle": {
      "version": "2.3.8",
      "resolved": "https://registry.npmjs.org/@types/sizzle/-/sizzle-2.3.8.tgz",
      "integrity": "sha512-0vWLNK2D5MT9dg0iOo8GlKguPAU02QjmZitPEsXRuJXU/OGIOt9vT9Fc26wtYuavLxtO45v9PGleoL9Z0k1LHg==",
      "dev": true
    },
    "node_modules/types-registry": {
      "version": "0.1.685",
      "resolved": "https://registry.npmjs.org/types-registry/-/types-registry-0.1.685.tgz",
      "integrity": "sha512-dC3Nqu/q2Ey8Jj/YV0plEub0oycMiu3VaAf+tf8X5uhtiRS4iF1BubY5cra1LIaKr+fTblxQvoVAYIPeVj1A9g=="
    }
  }
}
